
Microsoft Visual Studio Solution File, Format Version 12.00
# Visual Studio Version 17
VisualStudioVersion = 17.10.35013.160
MinimumVisualStudioVersion = 10.0.40219.1
Project("{9A19103F-16F7-4668-BE54-9A1E7A4F7556}") = "BigFileFinder", "Src\BigFileFinder.csproj", "{A0752AD4-19BC-462E-AC92-D05F4E8F9513}"
EndProject
Project("{9A19103F-16F7-4668-BE54-9A1E7A4F7556}") = "BigFileFinderTest", "Test\BigFileFinderTest.csproj", "{4165AB55-CBB4-4672-B909-66CB2E1B86CC}"
EndProject
Global
	GlobalSection(SolutionConfigurationPlatforms) = preSolution
		Debug|Any CPU = Debug|Any CPU
		Release|Any CPU = Release|Any CPU
	EndGlobalSection
	GlobalSection(ProjectConfigurationPlatforms) = postSolution
		{A0752AD4-19BC-462E-AC92-D05F4E8F9513}.Debug|Any CPU.ActiveCfg = Debug|Any CPU
		{A0752AD4-19BC-462E-AC92-D05F4E8F9513}.Debug|Any CPU.Build.0 = Debug|Any CPU
		{A0752AD4-19BC-462E-AC92-D05F4E8F9513}.Release|Any CPU.ActiveCfg = Release|Any CPU
		{A0752AD4-19BC-462E-AC92-D05F4E8F9513}.Release|Any CPU.Build.0 = Release|Any CPU
		{4165AB55-CBB4-4672-B909-66CB2E1B86CC}.Debug|Any CPU.ActiveCfg = Debug|Any CPU
		{4165AB55-CBB4-4672-B909-66CB2E1B86CC}.Debug|Any CPU.Build.0 = Debug|Any CPU
		{4165AB55-CBB4-4672-B909-66CB2E1B86CC}.Release|Any CPU.ActiveCfg = Release|Any CPU
		{4165AB55-CBB4-4672-B909-66CB2E1B86CC}.Release|Any CPU.Build.0 = Release|Any CPU
	EndGlobalSection
	GlobalSection(SolutionProperties) = preSolution
		HideSolutionNode = FALSE
	EndGlobalSection
	GlobalSection(ExtensibilityGlobals) = postSolution
		SolutionGuid = {F857B85A-EBEF-4570-9F5B-4DA0B65DA160}
	EndGlobalSection
EndGlobal
